
Microsoft Visual Studio Solution File, Format Version 12.00
# Visual Studio Version 17
VisualStudioVersion = 17.5.002.0
MinimumVisualStudioVersion = 10.0.40219.1
Project("{9A19103F-16F7-4668-BE54-9A1E7A4F7556}") = "FPTU_ELibrary.API", "FPTU_ELibrary.API.csproj", "{5F40D10E-CE0A-4900-9A95-10F9C052CC99}"
EndProject
Global
	GlobalSection(SolutionConfigurationPlatforms) = preSolution
		Debug|Any CPU = Debug|Any CPU
		Release|Any CPU = Release|Any CPU
	EndGlobalSection
	GlobalSection(ProjectConfigurationPlatforms) = postSolution
		{5F40D10E-CE0A-4900-9A95-10F9C052CC99}.Debug|Any CPU.ActiveCfg = Debug|Any CPU
		{5F40D10E-CE0A-4900-9A95-10F9C052CC99}.Debug|Any CPU.Build.0 = Debug|Any CPU
		{5F40D10E-CE0A-4900-9A95-10F9C052CC99}.Release|Any CPU.ActiveCfg = Release|Any CPU
		{5F40D10E-CE0A-4900-9A95-10F9C052CC99}.Release|Any CPU.Build.0 = Release|Any CPU
	EndGlobalSection
	GlobalSection(SolutionProperties) = preSolution
		HideSolutionNode = FALSE
	EndGlobalSection
	GlobalSection(ExtensibilityGlobals) = postSolution
		SolutionGuid = {D046F778-CAA3-452C-9D25-3AB63D5686F2}
	EndGlobalSection
EndGlobal
